
Microsoft Visual Studio Solution File, Format Version 12.00
# Visual Studio Version 17
VisualStudioVersion = 17.7.34031.279
MinimumVisualStudioVersion = 10.0.40219.1
Project("{9A19103F-16F7-4668-BE54-9A1E7A4F7556}") = "BasicStructurePractices", "BasicStructurePractices\BasicStructurePractices.csproj", "{5393BA9D-2DAF-457E-A8C3-BA59B8BE2CD6}"
EndProject
Project("{9A19103F-16F7-4668-BE54-9A1E7A4F7556}") = "BasicStructureTests", "BasicStructureTests\BasicStructureTests.csproj", "{255FF0DB-A6F2-4EED-94D3-9D5599A640DD}"
EndProject
Project("{FAE04EC0-301F-11D3-BF4B-00C04F79EFBC}") = "PracticesAndSolutions", "PracticesAndSolutions\PracticesAndSolutions.csproj", "{70E48D8B-C7E4-4A70-AE4F-37CD9178B732}"
EndProject
Global
	GlobalSection(SolutionConfigurationPlatforms) = preSolution
		Debug|Any CPU = Debug|Any CPU
		Release|Any CPU = Release|Any CPU
	EndGlobalSection
	GlobalSection(ProjectConfigurationPlatforms) = postSolution
		{5393BA9D-2DAF-457E-A8C3-BA59B8BE2CD6}.Debug|Any CPU.ActiveCfg = Debug|Any CPU
		{5393BA9D-2DAF-457E-A8C3-BA59B8BE2CD6}.Debug|Any CPU.Build.0 = Debug|Any CPU
		{5393BA9D-2DAF-457E-A8C3-BA59B8BE2CD6}.Release|Any CPU.ActiveCfg = Release|Any CPU
		{5393BA9D-2DAF-457E-A8C3-BA59B8BE2CD6}.Release|Any CPU.Build.0 = Release|Any CPU
		{255FF0DB-A6F2-4EED-94D3-9D5599A640DD}.Debug|Any CPU.ActiveCfg = Debug|Any CPU
		{255FF0DB-A6F2-4EED-94D3-9D5599A640DD}.Debug|Any CPU.Build.0 = Debug|Any CPU
		{255FF0DB-A6F2-4EED-94D3-9D5599A640DD}.Release|Any CPU.ActiveCfg = Release|Any CPU
		{255FF0DB-A6F2-4EED-94D3-9D5599A640DD}.Release|Any CPU.Build.0 = Release|Any CPU
		{70E48D8B-C7E4-4A70-AE4F-37CD9178B732}.Debug|Any CPU.ActiveCfg = Debug|Any CPU
		{70E48D8B-C7E4-4A70-AE4F-37CD9178B732}.Debug|Any CPU.Build.0 = Debug|Any CPU
		{70E48D8B-C7E4-4A70-AE4F-37CD9178B732}.Release|Any CPU.ActiveCfg = Release|Any CPU
		{70E48D8B-C7E4-4A70-AE4F-37CD9178B732}.Release|Any CPU.Build.0 = Release|Any CPU
	EndGlobalSection
	GlobalSection(SolutionProperties) = preSolution
		HideSolutionNode = FALSE
	EndGlobalSection
	GlobalSection(ExtensibilityGlobals) = postSolution
		SolutionGuid = {DAAA5A06-38B7-4B34-89CA-F89E05E077FC}
	EndGlobalSection
EndGlobal
